
Microsoft Visual Studio Solution File, Format Version 12.00
# Visual Studio Version 17
VisualStudioVersion = 17.8.34330.188
MinimumVisualStudioVersion = 10.0.40219.1
Project("{FAE04EC0-301F-11D3-BF4B-00C04F79EFBC}") = "QRRestaurantApp.Backend", "QRRestaurantApp.Backend\QRRestaurantApp.Backend.csproj", "{3838BBF1-12C0-4104-BAD2-F92B9E5693AD}"
EndProject
Global
	GlobalSection(SolutionConfigurationPlatforms) = preSolution
		Debug|Any CPU = Debug|Any CPU
		Release|Any CPU = Release|Any CPU
	EndGlobalSection
	GlobalSection(ProjectConfigurationPlatforms) = postSolution
		{3838BBF1-12C0-4104-BAD2-F92B9E5693AD}.Debug|Any CPU.ActiveCfg = Debug|Any CPU
		{3838BBF1-12C0-4104-BAD2-F92B9E5693AD}.Debug|Any CPU.Build.0 = Debug|Any CPU
		{3838BBF1-12C0-4104-BAD2-F92B9E5693AD}.Release|Any CPU.ActiveCfg = Release|Any CPU
		{3838BBF1-12C0-4104-BAD2-F92B9E5693AD}.Release|Any CPU.Build.0 = Release|Any CPU
	EndGlobalSection
	GlobalSection(SolutionProperties) = preSolution
		HideSolutionNode = FALSE
	EndGlobalSection
	GlobalSection(ExtensibilityGlobals) = postSolution
		SolutionGuid = {792701A8-883B-42B0-9581-D7D199006D43}
	EndGlobalSection
EndGlobal
